
Microsoft Visual Studio Solution File, Format Version 12.00
# Visual Studio Version 17
VisualStudioVersion = 17.14.36623.8
MinimumVisualStudioVersion = 10.0.40219.1
Project("{2150E333-8FDC-42A3-9474-1A3956D46DE8}") = "src", "src", "{324D3E6F-575B-4836-87D1-1CECA9F676D1}"
EndProject
Project("{2150E333-8FDC-42A3-9474-1A3956D46DE8}") = "tests", "tests", "{4FC9E3F7-F33C-49C5-805D-AFC167B71D4F}"
EndProject
Project("{2150E333-8FDC-42A3-9474-1A3956D46DE8}") = "Domain", "Domain", "{13FC738E-F0AE-45EE-9D6F-D1A52FD29FA0}"
EndProject
Project("{2150E333-8FDC-42A3-9474-1A3956D46DE8}") = "Infrastructure", "Infrastructure", "{182A7312-9C58-4C4F-8D57-EF53D4829490}"
EndProject
Project("{2150E333-8FDC-42A3-9474-1A3956D46DE8}") = "Application", "Application", "{8BE377ED-04F8-4BD8-AB5C-668B8316DC74}"
EndProject
Project("{FAE04EC0-301F-11D3-BF4B-00C04F79EFBC}") = "Application", "src\Application\Application\Application.csproj", "{FEA8978C-ACE8-4285-A66B-4CB16697214D}"
EndProject
Project("{FAE04EC0-301F-11D3-BF4B-00C04F79EFBC}") = "Domain", "src\Domain\Domain\Domain.csproj", "{79EBAAD1-97B9-4B9D-8158-32ADE46FF0C3}"
EndProject
Project("{FAE04EC0-301F-11D3-BF4B-00C04F79EFBC}") = "Infrastructure", "src\Infrastructure\Infrastructure\Infrastructure.csproj", "{D3979A4A-F568-40A2-919F-9963427EC250}"
EndProject
Project("{FAE04EC0-301F-11D3-BF4B-00C04F79EFBC}") = "UnitTest", "tests\UnitTest\UnitTest\UnitTest.csproj", "{1B6ED907-BA3E-4672-BD72-F0D45346EB1E}"
EndProject
Project("{2150E333-8FDC-42A3-9474-1A3956D46DE8}") = "App", "App", "{02EA681E-C7D8-13C7-8484-4AC65E1B71E8}"
EndProject
Project("{FAE04EC0-301F-11D3-BF4B-00C04F79EFBC}") = "App", "src\App\App\App.csproj", "{5F7BFF41-21F0-43E0-828B-579E8B661D3A}"
EndProject
Global
	GlobalSection(SolutionConfigurationPlatforms) = preSolution
		Debug|Any CPU = Debug|Any CPU
		Release|Any CPU = Release|Any CPU
	EndGlobalSection
	GlobalSection(ProjectConfigurationPlatforms) = postSolution
		{FEA8978C-ACE8-4285-A66B-4CB16697214D}.Debug|Any CPU.ActiveCfg = Debug|Any CPU
		{FEA8978C-ACE8-4285-A66B-4CB16697214D}.Debug|Any CPU.Build.0 = Debug|Any CPU
		{FEA8978C-ACE8-4285-A66B-4CB16697214D}.Release|Any CPU.ActiveCfg = Release|Any CPU
		{FEA8978C-ACE8-4285-A66B-4CB16697214D}.Release|Any CPU.Build.0 = Release|Any CPU
		{79EBAAD1-97B9-4B9D-8158-32ADE46FF0C3}.Debug|Any CPU.ActiveCfg = Debug|Any CPU
		{79EBAAD1-97B9-4B9D-8158-32ADE46FF0C3}.Debug|Any CPU.Build.0 = Debug|Any CPU
		{79EBAAD1-97B9-4B9D-8158-32ADE46FF0C3}.Release|Any CPU.ActiveCfg = Release|Any CPU
		{79EBAAD1-97B9-4B9D-8158-32ADE46FF0C3}.Release|Any CPU.Build.0 = Release|Any CPU
		{D3979A4A-F568-40A2-919F-9963427EC250}.Debug|Any CPU.ActiveCfg = Debug|Any CPU
		{D3979A4A-F568-40A2-919F-9963427EC250}.Debug|Any CPU.Build.0 = Debug|Any CPU
		{D3979A4A-F568-40A2-919F-9963427EC250}.Release|Any CPU.ActiveCfg = Release|Any CPU
		{D3979A4A-F568-40A2-919F-9963427EC250}.Release|Any CPU.Build.0 = Release|Any CPU
		{1B6ED907-BA3E-4672-BD72-F0D45346EB1E}.Debug|Any CPU.ActiveCfg = Debug|Any CPU
		{1B6ED907-BA3E-4672-BD72-F0D45346EB1E}.Debug|Any CPU.Build.0 = Debug|Any CPU
		{1B6ED907-BA3E-4672-BD72-F0D45346EB1E}.Release|Any CPU.ActiveCfg = Release|Any CPU
		{1B6ED907-BA3E-4672-BD72-F0D45346EB1E}.Release|Any CPU.Build.0 = Release|Any CPU
		{5F7BFF41-21F0-43E0-828B-579E8B661D3A}.Debug|Any CPU.ActiveCfg = Debug|Any CPU
		{5F7BFF41-21F0-43E0-828B-579E8B661D3A}.Debug|Any CPU.Build.0 = Debug|Any CPU
		{5F7BFF41-21F0-43E0-828B-579E8B661D3A}.Release|Any CPU.ActiveCfg = Release|Any CPU
		{5F7BFF41-21F0-43E0-828B-579E8B661D3A}.Release|Any CPU.Build.0 = Release|Any CPU
	EndGlobalSection
	GlobalSection(SolutionProperties) = preSolution
		HideSolutionNode = FALSE
	EndGlobalSection
	GlobalSection(NestedProjects) = preSolution
		{13FC738E-F0AE-45EE-9D6F-D1A52FD29FA0} = {324D3E6F-575B-4836-87D1-1CECA9F676D1}
		{182A7312-9C58-4C4F-8D57-EF53D4829490} = {324D3E6F-575B-4836-87D1-1CECA9F676D1}
		{8BE377ED-04F8-4BD8-AB5C-668B8316DC74} = {324D3E6F-575B-4836-87D1-1CECA9F676D1}
		{FEA8978C-ACE8-4285-A66B-4CB16697214D} = {8BE377ED-04F8-4BD8-AB5C-668B8316DC74}
		{79EBAAD1-97B9-4B9D-8158-32ADE46FF0C3} = {13FC738E-F0AE-45EE-9D6F-D1A52FD29FA0}
		{D3979A4A-F568-40A2-919F-9963427EC250} = {182A7312-9C58-4C4F-8D57-EF53D4829490}
		{1B6ED907-BA3E-4672-BD72-F0D45346EB1E} = {4FC9E3F7-F33C-49C5-805D-AFC167B71D4F}
		{02EA681E-C7D8-13C7-8484-4AC65E1B71E8} = {324D3E6F-575B-4836-87D1-1CECA9F676D1}
		{5F7BFF41-21F0-43E0-828B-579E8B661D3A} = {02EA681E-C7D8-13C7-8484-4AC65E1B71E8}
	EndGlobalSection
	GlobalSection(ExtensibilityGlobals) = postSolution
		SolutionGuid = {865369B5-C18D-4279-945F-E82680FE5167}
	EndGlobalSection
EndGlobal
